{
    "version": 3,
    "terraform_version": "0.11.7",
    "serial": 6,
    "lineage": "16c2ed5f-b609-38f7-c279-ef5b58c1f20f",
    "modules": [
        {
            "path": [
                "root"
            ],
            "outputs": {},
            "resources": {},
            "depends_on": []
        },
        {
            "path": [
                "root",
                "active-env"
            ],
            "outputs": {
                "base_url": {
                    "sensitive": false,
                    "type": "string",
                    "value": "https://3ubf5f0jq8.execute-api.us-west-2.amazonaws.com/test"
                }
            },
            "resources": {
                "aws_api_gateway_deployment.example": {
                    "type": "aws_api_gateway_deployment",
                    "depends_on": [
                        "aws_api_gateway_integration.lambda",
                        "aws_api_gateway_integration.lambda_root",
                        "aws_api_gateway_rest_api.example"
                    ],
                    "primary": {
                        "id": "p69h1z",
                        "attributes": {
                            "created_date": "2018-07-21T04:54:27Z",
                            "description": "",
                            "execution_arn": "arn:aws:execute-api:us-west-2:133625980380:3ubf5f0jq8/test",
                            "id": "p69h1z",
                            "invoke_url": "https://3ubf5f0jq8.execute-api.us-west-2.amazonaws.com/test",
                            "rest_api_id": "3ubf5f0jq8",
                            "stage_name": "test"
                        },
                        "meta": {},
                        "tainted": false
                    },
                    "deposed": [],
                    "provider": "provider.aws"
                },
                "aws_api_gateway_integration.lambda": {
                    "type": "aws_api_gateway_integration",
                    "depends_on": [
                        "aws_api_gateway_method.proxy",
                        "aws_api_gateway_rest_api.example",
                        "aws_lambda_function.example"
                    ],
                    "primary": {
                        "id": "agi-3ubf5f0jq8-kp8byf-ANY",
                        "attributes": {
                            "cache_key_parameters.#": "0",
                            "cache_namespace": "kp8byf",
                            "connection_id": "",
                            "connection_type": "INTERNET",
                            "http_method": "ANY",
                            "id": "agi-3ubf5f0jq8-kp8byf-ANY",
                            "integration_http_method": "POST",
                            "passthrough_behavior": "WHEN_NO_MATCH",
                            "request_parameters.%": "0",
                            "request_templates.%": "0",
                            "resource_id": "kp8byf",
                            "rest_api_id": "3ubf5f0jq8",
                            "timeout_milliseconds": "29000",
                            "type": "AWS_PROXY",
                            "uri": "arn:aws:apigateway:us-west-2:lambda:path/2015-03-31/functions/arn:aws:lambda:us-west-2:133625980380:function:serverless_example_lambda/invocations"
                        },
                        "meta": {},
                        "tainted": false
                    },
                    "deposed": [],
                    "provider": "provider.aws"
                },
                "aws_api_gateway_integration.lambda_root": {
                    "type": "aws_api_gateway_integration",
                    "depends_on": [
                        "aws_api_gateway_method.proxy_root",
                        "aws_api_gateway_rest_api.example",
                        "aws_lambda_function.example"
                    ],
                    "primary": {
                        "id": "agi-3ubf5f0jq8-zbs8cjvjh7-ANY",
                        "attributes": {
                            "cache_key_parameters.#": "0",
                            "cache_namespace": "zbs8cjvjh7",
                            "connection_id": "",
                            "connection_type": "INTERNET",
                            "http_method": "ANY",
                            "id": "agi-3ubf5f0jq8-zbs8cjvjh7-ANY",
                            "integration_http_method": "POST",
                            "passthrough_behavior": "WHEN_NO_MATCH",
                            "request_parameters.%": "0",
                            "request_templates.%": "0",
                            "resource_id": "zbs8cjvjh7",
                            "rest_api_id": "3ubf5f0jq8",
                            "timeout_milliseconds": "29000",
                            "type": "AWS_PROXY",
                            "uri": "arn:aws:apigateway:us-west-2:lambda:path/2015-03-31/functions/arn:aws:lambda:us-west-2:133625980380:function:serverless_example_lambda/invocations"
                        },
                        "meta": {},
                        "tainted": false
                    },
                    "deposed": [],
                    "provider": "provider.aws"
                },
                "aws_api_gateway_method.proxy": {
                    "type": "aws_api_gateway_method",
                    "depends_on": [
                        "aws_api_gateway_resource.proxy",
                        "aws_api_gateway_rest_api.example"
                    ],
                    "primary": {
                        "id": "agm-3ubf5f0jq8-kp8byf-ANY",
                        "attributes": {
                            "api_key_required": "false",
                            "authorization": "NONE",
                            "http_method": "ANY",
                            "id": "agm-3ubf5f0jq8-kp8byf-ANY",
                            "resource_id": "kp8byf",
                            "rest_api_id": "3ubf5f0jq8"
                        },
                        "meta": {},
                        "tainted": false
                    },
                    "deposed": [],
                    "provider": "provider.aws"
                },
                "aws_api_gateway_method.proxy_root": {
                    "type": "aws_api_gateway_method",
                    "depends_on": [
                        "aws_api_gateway_rest_api.example"
                    ],
                    "primary": {
                        "id": "agm-3ubf5f0jq8-zbs8cjvjh7-ANY",
                        "attributes": {
                            "api_key_required": "false",
                            "authorization": "NONE",
                            "http_method": "ANY",
                            "id": "agm-3ubf5f0jq8-zbs8cjvjh7-ANY",
                            "resource_id": "zbs8cjvjh7",
                            "rest_api_id": "3ubf5f0jq8"
                        },
                        "meta": {},
                        "tainted": false
                    },
                    "deposed": [],
                    "provider": "provider.aws"
                },
                "aws_api_gateway_resource.proxy": {
                    "type": "aws_api_gateway_resource",
                    "depends_on": [
                        "aws_api_gateway_rest_api.example"
                    ],
                    "primary": {
                        "id": "kp8byf",
                        "attributes": {
                            "id": "kp8byf",
                            "parent_id": "zbs8cjvjh7",
                            "path": "/{proxy+}",
                            "path_part": "{proxy+}",
                            "rest_api_id": "3ubf5f0jq8"
                        },
                        "meta": {},
                        "tainted": false
                    },
                    "deposed": [],
                    "provider": "provider.aws"
                },
                "aws_api_gateway_rest_api.example": {
                    "type": "aws_api_gateway_rest_api",
                    "depends_on": [],
                    "primary": {
                        "id": "3ubf5f0jq8",
                        "attributes": {
                            "api_key_source": "HEADER",
                            "binary_media_types.#": "0",
                            "created_date": "2018-07-21T04:54:15Z",
                            "description": "Terraform Serverless Application Example",
                            "endpoint_configuration.#": "1",
                            "endpoint_configuration.0.types.#": "1",
                            "endpoint_configuration.0.types.0": "EDGE",
                            "execution_arn": "arn:aws:execute-api:us-west-2:133625980380:3ubf5f0jq8",
                            "id": "3ubf5f0jq8",
                            "minimum_compression_size": "-1",
                            "name": "serverless_example_lambda-apirest",
                            "policy": "",
                            "root_resource_id": "zbs8cjvjh7"
                        },
                        "meta": {},
                        "tainted": false
                    },
                    "deposed": [],
                    "provider": "provider.aws"
                },
                "aws_cloudwatch_event_rule.cldwatch": {
                    "type": "aws_cloudwatch_event_rule",
                    "depends_on": [],
                    "primary": {
                        "id": "serverless_example_lambda-tagging-lambda",
                        "attributes": {
                            "arn": "arn:aws:events:us-west-2:133625980380:rule/serverless_example_lambda-tagging-lambda",
                            "description": "Trigger tagging lambda in periodical intervals",
                            "id": "serverless_example_lambda-tagging-lambda",
                            "is_enabled": "true",
                            "name": "serverless_example_lambda-tagging-lambda",
                            "role_arn": "",
                            "schedule_expression": "rate(5 minutes)"
                        },
                        "meta": {},
                        "tainted": false
                    },
                    "deposed": [],
                    "provider": "provider.aws"
                },
                "aws_cloudwatch_event_target.cldwatch": {
                    "type": "aws_cloudwatch_event_target",
                    "depends_on": [
                        "aws_cloudwatch_event_rule.cldwatch",
                        "aws_lambda_function.example"
                    ],
                    "primary": {
                        "id": "serverless_example_lambda-tagging-lambda-serverless_example_lambda-TriggerLambda",
                        "attributes": {
                            "arn": "arn:aws:lambda:us-west-2:133625980380:function:serverless_example_lambda",
                            "id": "serverless_example_lambda-tagging-lambda-serverless_example_lambda-TriggerLambda",
                            "input": "",
                            "input_path": "",
                            "role_arn": "",
                            "rule": "serverless_example_lambda-tagging-lambda",
                            "target_id": "serverless_example_lambda-TriggerLambda"
                        },
                        "meta": {},
                        "tainted": false
                    },
                    "deposed": [],
                    "provider": "provider.aws"
                },
                "aws_iam_role.lambda_exec": {
                    "type": "aws_iam_role",
                    "depends_on": [],
                    "primary": {
                        "id": "serverless_example_lambda",
                        "attributes": {
                            "arn": "arn:aws:iam::133625980380:role/serverless_example_lambda",
                            "assume_role_policy": "{\"Version\":\"2012-10-17\",\"Statement\":[{\"Sid\":\"\",\"Effect\":\"Allow\",\"Principal\":{\"Service\":\"lambda.amazonaws.com\"},\"Action\":\"sts:AssumeRole\"}]}",
                            "create_date": "2018-07-21T04:54:14Z",
                            "force_detach_policies": "false",
                            "id": "serverless_example_lambda",
                            "max_session_duration": "3600",
                            "name": "serverless_example_lambda",
                            "path": "/",
                            "unique_id": "AROAJQM7LYYZOLWLF3Q7G"
                        },
                        "meta": {},
                        "tainted": false
                    },
                    "deposed": [],
                    "provider": "provider.aws"
                },
                "aws_lambda_function.example": {
                    "type": "aws_lambda_function",
                    "depends_on": [
                        "aws_iam_role.lambda_exec"
                    ],
                    "primary": {
                        "id": "serverless_example_lambda",
                        "attributes": {
                            "arn": "arn:aws:lambda:us-west-2:133625980380:function:serverless_example_lambda",
                            "dead_letter_config.#": "0",
                            "description": "",
                            "environment.#": "0",
                            "function_name": "serverless_example_lambda",
                            "handler": "main.handler",
                            "id": "serverless_example_lambda",
                            "invoke_arn": "arn:aws:apigateway:us-west-2:lambda:path/2015-03-31/functions/arn:aws:lambda:us-west-2:133625980380:function:serverless_example_lambda/invocations",
                            "kms_key_arn": "",
                            "last_modified": "2018-07-21T04:54:25.237+0000",
                            "memory_size": "512",
                            "publish": "false",
                            "qualified_arn": "arn:aws:lambda:us-west-2:133625980380:function:serverless_example_lambda:$LATEST",
                            "reserved_concurrent_executions": "0",
                            "role": "arn:aws:iam::133625980380:role/serverless_example_lambda",
                            "runtime": "nodejs6.10",
                            "s3_bucket": "terraform-lambda-code-main",
                            "s3_key": "Example.zip",
                            "source_code_hash": "nPscFsPEcEaV4Fk4CsOnkYByfVctQkDwzKSUKujyGMw=",
                            "source_code_size": "304",
                            "tags.%": "0",
                            "timeout": "300",
                            "tracing_config.#": "1",
                            "tracing_config.0.mode": "PassThrough",
                            "version": "$LATEST",
                            "vpc_config.#": "0"
                        },
                        "meta": {},
                        "tainted": false
                    },
                    "deposed": [],
                    "provider": "provider.aws"
                },
                "aws_lambda_permission.apigw": {
                    "type": "aws_lambda_permission",
                    "depends_on": [
                        "aws_api_gateway_deployment.example",
                        "aws_lambda_function.example"
                    ],
                    "primary": {
                        "id": "AllowAPIGatewayInvoke",
                        "attributes": {
                            "action": "lambda:InvokeFunction",
                            "function_name": "arn:aws:lambda:us-west-2:133625980380:function:serverless_example_lambda",
                            "id": "AllowAPIGatewayInvoke",
                            "principal": "apigateway.amazonaws.com",
                            "qualifier": "",
                            "source_arn": "arn:aws:execute-api:us-west-2:133625980380:3ubf5f0jq8/test/*/*",
                            "statement_id": "AllowAPIGatewayInvoke"
                        },
                        "meta": {},
                        "tainted": false
                    },
                    "deposed": [],
                    "provider": "provider.aws"
                },
                "aws_lambda_permission.cldwatch": {
                    "type": "aws_lambda_permission",
                    "depends_on": [
                        "aws_cloudwatch_event_rule.cldwatch",
                        "aws_lambda_function.example"
                    ],
                    "primary": {
                        "id": "serverless_example_lambda-AllowCloudWatchTrigger",
                        "attributes": {
                            "action": "lambda:InvokeFunction",
                            "function_name": "arn:aws:lambda:us-west-2:133625980380:function:serverless_example_lambda",
                            "id": "serverless_example_lambda-AllowCloudWatchTrigger",
                            "principal": "events.amazonaws.com",
                            "qualifier": "",
                            "source_arn": "arn:aws:events:us-west-2:133625980380:rule/serverless_example_lambda-tagging-lambda",
                            "statement_id": "serverless_example_lambda-AllowCloudWatchTrigger"
                        },
                        "meta": {},
                        "tainted": false
                    },
                    "deposed": [],
                    "provider": "provider.aws"
                }
            },
            "depends_on": []
        }
    ]
}
